{
  "requires": true,
  "lockfileVersion": 1,
  "dependencies": {
    "3d-force-graph": {
      "version": "1.69.1",
      "resolved": "https://registry.npmjs.org/3d-force-graph/-/3d-force-graph-1.69.1.tgz",
      "integrity": "sha512-ZPjuhEg9bhDKGk2j9XOY1jjZF+/VB41kjnUd52fFEm6oqrX9U60JZr5rk3YVhaVG3vYusDItIUAEYrYRGWS/0Q==",
      "requires": {
        "accessor-fn": "^1.3.0",
        "kapsule": "^1.13.3",
        "three": "^0.126.1",
        "three-forcegraph": "^1.37.2",
        "three-render-objects": "^1.26.0"
      }
    },
    "@babel/runtime": {
      "version": "7.13.10",
      "resolved": "https://registry.npmjs.org/@babel/runtime/-/runtime-7.13.10.tgz",
      "integrity": "sha512-4QPkjJq6Ns3V/RgpEahRk+AGfL0eO6RHHtTWoNNr5mO49G6B5+X6d6THgWEAvTrznU5xYpbAlVKRYcsCgh/Akw==",
      "requires": {
        "regenerator-runtime": "^0.13.4"
      }
    },
    "@tweenjs/tween.js": {
      "version": "18.6.4",
      "resolved": "https://registry.npmjs.org/@tweenjs/tween.js/-/tween.js-18.6.4.tgz",
      "integrity": "sha512-lB9lMjuqjtuJrx7/kOkqQBtllspPIN+96OvTCeJ2j5FEzinoAXTdAMFnDAQT1KVPRlnYfBrqxtqP66vDM40xxQ=="
    },
    "accessor-fn": {
      "version": "1.3.0",
      "resolved": "https://registry.npmjs.org/accessor-fn/-/accessor-fn-1.3.0.tgz",
      "integrity": "sha512-NC5BYjrfBonksWxXrZ1WsPnh70sTQC2Uas9IL0RHQN5OETP4dO/bviPxZ7zTOahhRQ7o6avJg3ImJvRbuyHASg=="
    },
    "d3-array": {
      "version": "2.12.1",
      "resolved": "https://registry.npmjs.org/d3-array/-/d3-array-2.12.1.tgz",
      "integrity": "sha512-B0ErZK/66mHtEsR1TkPEEkwdy+WDesimkM5gpZr5Dsg54BiTA5RXtYW5qTLIAcekaS9xfZrzBLF/OAkB3Qn1YQ==",
      "requires": {
        "internmap": "^1.0.0"
      }
    },
    "d3-binarytree": {
      "version": "0.2.0",
      "resolved": "https://registry.npmjs.org/d3-binarytree/-/d3-binarytree-0.2.0.tgz",
      "integrity": "sha512-Z4khfbrBgtbv0M2QSQBaIajxiT6hwkxGt0AoDnTXCWDyyH+Okqy2UU3sXzV01zL5lC75dFAMJ0ftxSKTCr28VA=="
    },
    "d3-color": {
      "version": "2.0.0",
      "resolved": "https://registry.npmjs.org/d3-color/-/d3-color-2.0.0.tgz",
      "integrity": "sha512-SPXi0TSKPD4g9tw0NMZFnR95XVgUZiBH+uUTqQuDu1OsE2zomHU7ho0FISciaPvosimixwHFl3WHLGabv6dDgQ=="
    },
    "d3-dispatch": {
      "version": "2.0.0",
      "resolved": "https://registry.npmjs.org/d3-dispatch/-/d3-dispatch-2.0.0.tgz",
      "integrity": "sha512-S/m2VsXI7gAti2pBoLClFFTMOO1HTtT0j99AuXLoGFKO6deHDdnv6ZGTxSTTUTgO1zVcv82fCOtDjYK4EECmWA=="
    },
    "d3-force-3d": {
      "version": "2.3.2",
      "resolved": "https://registry.npmjs.org/d3-force-3d/-/d3-force-3d-2.3.2.tgz",
      "integrity": "sha512-jkNDhUmSCAAq7dxtnILVzn7uOClBZt3YMhupBEoKI9RrvR3x995iUDdbj3VL33ByJAtHZwzytUxdh3zKfvf/iw==",
      "requires": {
        "d3-binarytree": "^0.2.0",
        "d3-dispatch": "^2.0.0",
        "d3-octree": "^0.2.0",
        "d3-quadtree": "^2.0.0",
        "d3-timer": "^2.0.0"
      }
    },
    "d3-format": {
      "version": "2.0.0",
      "resolved": "https://registry.npmjs.org/d3-format/-/d3-format-2.0.0.tgz",
      "integrity": "sha512-Ab3S6XuE/Q+flY96HXT0jOXcM4EAClYFnRGY5zsjRGNy6qCYrQsMffs7cV5Q9xejb35zxW5hf/guKw34kvIKsA=="
    },
    "d3-interpolate": {
      "version": "2.0.1",
      "resolved": "https://registry.npmjs.org/d3-interpolate/-/d3-interpolate-2.0.1.tgz",
      "integrity": "sha512-c5UhwwTs/yybcmTpAVqwSFl6vrQ8JZJoT5F7xNFK9pymv5C0Ymcc9/LIJHtYIggg/yS9YHw8i8O8tgb9pupjeQ==",
      "requires": {
        "d3-color": "1 - 2"
      }
    },
    "d3-octree": {
      "version": "0.2.0",
      "resolved": "https://registry.npmjs.org/d3-octree/-/d3-octree-0.2.0.tgz",
      "integrity": "sha512-yPoIxKr4xvZNyKK2bkJybafrNKtBVERbGTUVBovyWxWDQaWnJfWO4ai1jnyBrCeMzpVm/OTAJw2V+EJ9HCuLbQ=="
    },
    "d3-quadtree": {
      "version": "2.0.0",
      "resolved": "https://registry.npmjs.org/d3-quadtree/-/d3-quadtree-2.0.0.tgz",
      "integrity": "sha512-b0Ed2t1UUalJpc3qXzKi+cPGxeXRr4KU9YSlocN74aTzp6R/Ud43t79yLLqxHRWZfsvWXmbDWPpoENK1K539xw=="
    },
    "d3-scale": {
      "version": "3.2.4",
      "resolved": "https://registry.npmjs.org/d3-scale/-/d3-scale-3.2.4.tgz",
      "integrity": "sha512-PG6gtpbPCFqKbvdBEswQcJcTzHC8VEd/XzezF5e68KlkT4/ggELw/nR1tv863jY6ufKTvDlzCMZvhe06codbbA==",
      "requires": {
        "d3-array": "^2.3.0",
        "d3-format": "1 - 2",
        "d3-interpolate": "1.2.0 - 2",
        "d3-time": "1 - 2",
        "d3-time-format": "2 - 3"
      }
    },
    "d3-scale-chromatic": {
      "version": "2.0.0",
      "resolved": "https://registry.npmjs.org/d3-scale-chromatic/-/d3-scale-chromatic-2.0.0.tgz",
      "integrity": "sha512-LLqy7dJSL8yDy7NRmf6xSlsFZ6zYvJ4BcWFE4zBrOPnQERv9zj24ohnXKRbyi9YHnYV+HN1oEO3iFK971/gkzA==",
      "requires": {
        "d3-color": "1 - 2",
        "d3-interpolate": "1 - 2"
      }
    },
    "d3-time": {
      "version": "2.0.0",
      "resolved": "https://registry.npmjs.org/d3-time/-/d3-time-2.0.0.tgz",
      "integrity": "sha512-2mvhstTFcMvwStWd9Tj3e6CEqtOivtD8AUiHT8ido/xmzrI9ijrUUihZ6nHuf/vsScRBonagOdj0Vv+SEL5G3Q=="
    },
    "d3-time-format": {
      "version": "3.0.0",
      "resolved": "https://registry.npmjs.org/d3-time-format/-/d3-time-format-3.0.0.tgz",
      "integrity": "sha512-UXJh6EKsHBTjopVqZBhFysQcoXSv/5yLONZvkQ5Kk3qbwiUYkdX17Xa1PT6U1ZWXGGfB1ey5L8dKMlFq2DO0Ag==",
      "requires": {
        "d3-time": "1 - 2"
      }
    },
    "d3-timer": {
      "version": "2.0.0",
      "resolved": "https://registry.npmjs.org/d3-timer/-/d3-timer-2.0.0.tgz",
      "integrity": "sha512-TO4VLh0/420Y/9dO3+f9abDEFYeCUr2WZRlxJvbp4HPTQcSylXNiL6yZa9FIUvV1yRiFufl1bszTCLDqv9PWNA=="
    },
    "data-joint": {
      "version": "1.2.3",
      "resolved": "https://registry.npmjs.org/data-joint/-/data-joint-1.2.3.tgz",
      "integrity": "sha512-un7896FtODs3x2v55w7aoXLcNYR47z6LcpAsUdWhbQ6tDVeZti0MZusMM+pzbXJ4Qn1A9WeGSGZgCf7GM65pQQ==",
      "requires": {
        "index-array-by": "^1.3.0"
      }
    },
    "debounce": {
      "version": "1.2.1",
      "resolved": "https://registry.npmjs.org/debounce/-/debounce-1.2.1.tgz",
      "integrity": "sha512-XRRe6Glud4rd/ZGQfiV1ruXSfbvfJedlV9Y6zOlP+2K04vBYiJEte6stfFkCP03aMnY5tsipamumUjL14fofug=="
    },
    "index-array-by": {
      "version": "1.3.0",
      "resolved": "https://registry.npmjs.org/index-array-by/-/index-array-by-1.3.0.tgz",
      "integrity": "sha512-INSV8BJwW/IF9wj/hzq6tDQhc3AYBnQ/wY9mNIGiPEvxDI1sR0OaL1VQg74ZIZqg3fbmW5zQgf2Bxc51zDwRZg=="
    },
    "internmap": {
      "version": "1.0.1",
      "resolved": "https://registry.npmjs.org/internmap/-/internmap-1.0.1.tgz",
      "integrity": "sha512-lDB5YccMydFBtasVtxnZ3MRBHuaoE8GKsppq+EchKL2U4nK/DmEpPHNH8MZe5HkMtpSiTSOZwfN0tzYjO/lJEw=="
    },
    "kapsule": {
      "version": "1.13.3",
      "resolved": "https://registry.npmjs.org/kapsule/-/kapsule-1.13.3.tgz",
      "integrity": "sha512-Qgzn1p0ywJsXJ3NBjIGst/EGvH2VF+YeVsVfWHZ1ZFX1v7AJfz215OWf3mRFy6NZBbN67yc1qUxAuJU+vuTtAA==",
      "requires": {
        "debounce": "^1.2.0"
      }
    },
    "ngraph.events": {
      "version": "1.2.1",
      "resolved": "https://registry.npmjs.org/ngraph.events/-/ngraph.events-1.2.1.tgz",
      "integrity": "sha512-D4C+nXH/RFxioGXQdHu8ELDtC6EaCiNsZtih0IvyGN81OZSUby4jXoJ5+RNWasfsd0FnKxxpAROyUMzw64QNsw=="
    },
    "ngraph.forcelayout": {
      "version": "3.0.1",
      "resolved": "https://registry.npmjs.org/ngraph.forcelayout/-/ngraph.forcelayout-3.0.1.tgz",
      "integrity": "sha512-nqOPQBvkx/Dh0rpETn8/XBFPWZBWNBybtsbR8+HRgFWL1KcQXdR7MhIaq9scTBifDv7zNQJUy/V3WxJY90j4yw==",
      "requires": {
        "ngraph.events": "^1.0.0",
        "ngraph.merge": "^1.0.0",
        "ngraph.random": "^1.0.0"
      }
    },
    "ngraph.graph": {
      "version": "19.1.0",
      "resolved": "https://registry.npmjs.org/ngraph.graph/-/ngraph.graph-19.1.0.tgz",
      "integrity": "sha512-9cws84qfPkrYa7BaBtT+KgZfLXrd6pNL9Gl5Do+MBO/0Hm6rOM7qK78MZaO1uEoIK6p2pgUs6lu29zn/6tP59w==",
      "requires": {
        "ngraph.events": "^1.2.1"
      }
    },
    "ngraph.merge": {
      "version": "1.0.0",
      "resolved": "https://registry.npmjs.org/ngraph.merge/-/ngraph.merge-1.0.0.tgz",
      "integrity": "sha512-5J8YjGITUJeapsomtTALYsw7rFveYkM+lBj3QiYZ79EymQcuri65Nw3knQtFxQBU1r5iOaVRXrSwMENUPK62Vg=="
    },
    "ngraph.random": {
      "version": "1.1.0",
      "resolved": "https://registry.npmjs.org/ngraph.random/-/ngraph.random-1.1.0.tgz",
      "integrity": "sha512-h25UdUN/g8U7y29TzQtRm/GvGr70lK37yQPvPKXXuVfs7gCm82WipYFZcksQfeKumtOemAzBIcT7lzzyK/edLw=="
    },
    "polished": {
      "version": "4.1.1",
      "resolved": "https://registry.npmjs.org/polished/-/polished-4.1.1.tgz",
      "integrity": "sha512-4MZTrfPMPRLD7ac8b+2JZxei58zw6N1hFkdBDERif5Tlj19y3vPoPusrLG+mJIlPTGnUlKw3+yWz0BazvMx1vg==",
      "requires": {
        "@babel/runtime": "^7.12.5"
      }
    },
    "regenerator-runtime": {
      "version": "0.13.7",
      "resolved": "https://registry.npmjs.org/regenerator-runtime/-/regenerator-runtime-0.13.7.tgz",
      "integrity": "sha512-a54FxoJDIr27pgf7IgeQGxmqUNYrcV338lf/6gH456HZ/PhX+5BcwHXG9ajESmwe6WRO0tAzRUrRmNONWgkrew=="
    },
    "three": {
      "version": "0.126.1",
      "resolved": "https://registry.npmjs.org/three/-/three-0.126.1.tgz",
      "integrity": "sha512-eOEXnZeE1FDV0XgL1u08auIP13jxdN9LQBAEmlErYzMxtIIfuGIAZbijOyookALUhqVzVOx0Tywj6n192VM+nQ=="
    },
    "three-forcegraph": {
      "version": "1.37.2",
      "resolved": "https://registry.npmjs.org/three-forcegraph/-/three-forcegraph-1.37.2.tgz",
      "integrity": "sha512-noW69V1+ELMNbd0xBihiHVw7/Y+lcxZ8Erv48ArNjzild8t1R2PtFnAdi7DUVX8K+aIioImHWZ9cRcYan8Kt2g==",
      "requires": {
        "accessor-fn": "^1.3.0",
        "d3-array": "^2.12.0",
        "d3-force-3d": "^2.3.1",
        "d3-scale": "^3.2.3",
        "d3-scale-chromatic": "^2.0.0",
        "data-joint": "^1.2.3",
        "kapsule": "^1.13.3",
        "ngraph.forcelayout": "^3.0.1",
        "ngraph.graph": "^19.1.0",
        "tinycolor2": "^1.4.2"
      }
    },
    "three-render-objects": {
      "version": "1.26.0",
      "resolved": "https://registry.npmjs.org/three-render-objects/-/three-render-objects-1.26.0.tgz",
      "integrity": "sha512-NiWGRrAUhIvSCv9UgQ26AHWagkEQM56xXpuE4EFMWIDkCuGNKPSQfhuf1fcyi33Rey4g+X8JYEMMIqr0baG/NQ==",
      "requires": {
        "@tweenjs/tween.js": "^18.6.4",
        "accessor-fn": "^1.3.0",
        "kapsule": "^1.13.3",
        "polished": "^4.1.1"
      }
    },
    "tinycolor2": {
      "version": "1.4.2",
      "resolved": "https://registry.npmjs.org/tinycolor2/-/tinycolor2-1.4.2.tgz",
      "integrity": "sha512-vJhccZPs965sV/L2sU4oRQVAos0pQXwsvTLkWYdqJ+a8Q5kPFzJTuOFwy7UniPli44NKQGAglksjvOcpo95aZA=="
    }
  }
}
